// !$*UTF8*$!
{
	archiveVersion = 1;
	classes = {
	};
	objectVersion = 50;
	objects = {

/* Begin PBXBuildFile section */
		214AD2A1244AC5FB007A7732 /* AppDelegate.swift in Sources */ = {isa = PBXBuildFile; fileRef = 214AD2A0244AC5FB007A7732 /* AppDelegate.swift */; };
		214AD2A3244AC5FB007A7732 /* SceneDelegate.swift in Sources */ = {isa = PBXBuildFile; fileRef = 214AD2A2244AC5FB007A7732 /* SceneDelegate.swift */; };
		214AD2A5244AC5FB007A7732 /* ViewController.swift in Sources */ = {isa = PBXBuildFile; fileRef = 214AD2A4244AC5FB007A7732 /* ViewController.swift */; };
		214AD2A8244AC5FB007A7732 /* Main.storyboard in Resources */ = {isa = PBXBuildFile; fileRef = 214AD2A6244AC5FB007A7732 /* Main.storyboard */; };
		214AD2AA244AC5FD007A7732 /* Assets.xcassets in Resources */ = {isa = PBXBuildFile; fileRef = 214AD2A9244AC5FD007A7732 /* Assets.xcassets */; };
		214AD2AD244AC5FD007A7732 /* LaunchScreen.storyboard in Resources */ = {isa = PBXBuildFile; fileRef = 214AD2AB244AC5FD007A7732 /* LaunchScreen.storyboard */; };
		214AD2B5244BE88E007A7732 /* TwitterDiggerClassification.mlmodel in Sources */ = {isa = PBXBuildFile; fileRef = 214AD2B4244BE88E007A7732 /* TwitterDiggerClassification.mlmodel */; };
		214AD2B7244BEA79007A7732 /* README.md in Resources */ = {isa = PBXBuildFile; fileRef = 214AD2B6244BEA79007A7732 /* README.md */; };
		214AD2CB244BEC2B007A7732 /* SwifteriOS.framework in Frameworks */ = {isa = PBXBuildFile; fileRef = 214AD2C1244BEBCE007A7732 /* SwifteriOS.framework */; };
		214AD2CC244BEC2B007A7732 /* SwifteriOS.framework in Embed Frameworks */ = {isa = PBXBuildFile; fileRef = 214AD2C1244BEBCE007A7732 /* SwifteriOS.framework */; settings = {ATTRIBUTES = (CodeSignOnCopy, RemoveHeadersOnCopy, ); }; };
		214AD2CF244BF23A007A7732 /* .gitignore in Resources */ = {isa = PBXBuildFile; fileRef = 214AD2CE244BF23A007A7732 /* .gitignore */; };
/* End PBXBuildFile section */

/* Begin PBXContainerItemProxy section */
		214AD2C0244BEBCE007A7732 /* PBXContainerItemProxy */ = {
			isa = PBXContainerItemProxy;
			containerPortal = 214AD2B8244BEBCD007A7732 /* Swifter.xcodeproj */;
			proxyType = 2;
			remoteGlobalIDString = 8B9F50EE1944A5AB00894629;
			remoteInfo = SwifteriOS;
		};
		214AD2C2244BEBCE007A7732 /* PBXContainerItemProxy */ = {
			isa = PBXContainerItemProxy;
			containerPortal = 214AD2B8244BEBCD007A7732 /* Swifter.xcodeproj */;
			proxyType = 2;
			remoteGlobalIDString = 8B9F51131944A61D00894629;
			remoteInfo = SwifterMac;
		};
		214AD2C4244BEBCE007A7732 /* PBXContainerItemProxy */ = {
			isa = PBXContainerItemProxy;
			containerPortal = 214AD2B8244BEBCD007A7732 /* Swifter.xcodeproj */;
			proxyType = 2;
			remoteGlobalIDString = 8B300C1F1944AA1A00993175;
			remoteInfo = SwifterDemoiOS;
		};
		214AD2C6244BEBCE007A7732 /* PBXContainerItemProxy */ = {
			isa = PBXContainerItemProxy;
			containerPortal = 214AD2B8244BEBCD007A7732 /* Swifter.xcodeproj */;
			proxyType = 2;
			remoteGlobalIDString = 8B300C471944AECB00993175;
			remoteInfo = SwifterDemoMac;
		};
		214AD2C8244BEBCE007A7732 /* PBXContainerItemProxy */ = {
			isa = PBXContainerItemProxy;
			containerPortal = 214AD2B8244BEBCD007A7732 /* Swifter.xcodeproj */;
			proxyType = 2;
			remoteGlobalIDString = F6B4D5751C7BAC4500E06514;
			remoteInfo = SwifterTests;
		};
/* End PBXContainerItemProxy section */

/* Begin PBXCopyFilesBuildPhase section */
		214AD2CD244BEC2B007A7732 /* Embed Frameworks */ = {
			isa = PBXCopyFilesBuildPhase;
			buildActionMask = 2147483647;
			dstPath = "";
			dstSubfolderSpec = 10;
			files = (
				214AD2CC244BEC2B007A7732 /* SwifteriOS.framework in Embed Frameworks */,
			);
			name = "Embed Frameworks";
			runOnlyForDeploymentPostprocessing = 0;
		};
/* End PBXCopyFilesBuildPhase section */

/* Begin PBXFileReference section */
		214AD29D244AC5FB007A7732 /* TwitterDigger.app */ = {isa = PBXFileReference; explicitFileType = wrapper.application; includeInIndex = 0; path = TwitterDigger.app; sourceTree = BUILT_PRODUCTS_DIR; };
		214AD2A0244AC5FB007A7732 /* AppDelegate.swift */ = {isa = PBXFileReference; lastKnownFileType = sourcecode.swift; path = AppDelegate.swift; sourceTree = "<group>"; };
		214AD2A2244AC5FB007A7732 /* SceneDelegate.swift */ = {isa = PBXFileReference; lastKnownFileType = sourcecode.swift; path = SceneDelegate.swift; sourceTree = "<group>"; };
		214AD2A4244AC5FB007A7732 /* ViewController.swift */ = {isa = PBXFileReference; lastKnownFileType = sourcecode.swift; path = ViewController.swift; sourceTree = "<group>"; };
		214AD2A7244AC5FB007A7732 /* Base */ = {isa = PBXFileReference; lastKnownFileType = file.storyboard; name = Base; path = Base.lproj/Main.storyboard; sourceTree = "<group>"; };
		214AD2A9244AC5FD007A7732 /* Assets.xcassets */ = {isa = PBXFileReference; lastKnownFileType = folder.assetcatalog; path = Assets.xcassets; sourceTree = "<group>"; };
		214AD2AC244AC5FD007A7732 /* Base */ = {isa = PBXFileReference; lastKnownFileType = file.storyboard; name = Base; path = Base.lproj/LaunchScreen.storyboard; sourceTree = "<group>"; };
		214AD2AE244AC5FD007A7732 /* Info.plist */ = {isa = PBXFileReference; lastKnownFileType = text.plist.xml; path = Info.plist; sourceTree = "<group>"; };
		214AD2B4244BE88E007A7732 /* TwitterDiggerClassification.mlmodel */ = {isa = PBXFileReference; lastKnownFileType = file.mlmodel; path = TwitterDiggerClassification.mlmodel; sourceTree = "<group>"; };
		214AD2B6244BEA79007A7732 /* README.md */ = {isa = PBXFileReference; lastKnownFileType = net.daringfireball.markdown; path = README.md; sourceTree = "<group>"; };
		214AD2B8244BEBCD007A7732 /* Swifter.xcodeproj */ = {isa = PBXFileReference; lastKnownFileType = "wrapper.pb-project"; name = Swifter.xcodeproj; path = ../CreateML/TwitterDiggerData/swifter/Swifter/Swifter.xcodeproj; sourceTree = "<group>"; };
		214AD2CE244BF23A007A7732 /* .gitignore */ = {isa = PBXFileReference; lastKnownFileType = text; path = .gitignore; sourceTree = "<group>"; };
/* End PBXFileReference section */

/* Begin PBXFrameworksBuildPhase section */
		214AD29A244AC5FB007A7732 /* Frameworks */ = {
			isa = PBXFrameworksBuildPhase;
			buildActionMask = 2147483647;
			files = (
				214AD2CB244BEC2B007A7732 /* SwifteriOS.framework in Frameworks */,
			);
			runOnlyForDeploymentPostprocessing = 0;
		};
/* End PBXFrameworksBuildPhase section */

/* Begin PBXGroup section */
		214AD294244AC5FB007A7732 = {
			isa = PBXGroup;
			children = (
				214AD2B8244BEBCD007A7732 /* Swifter.xcodeproj */,
				214AD2B6244BEA79007A7732 /* README.md */,
				214AD29F244AC5FB007A7732 /* TwitterDigger */,
				214AD29E244AC5FB007A7732 /* Products */,
				214AD2CA244BEC2B007A7732 /* Frameworks */,
			);
			sourceTree = "<group>";
		};
		214AD29E244AC5FB007A7732 /* Products */ = {
			isa = PBXGroup;
			children = (
				214AD29D244AC5FB007A7732 /* TwitterDigger.app */,
			);
			name = Products;
			sourceTree = "<group>";
		};
		214AD29F244AC5FB007A7732 /* TwitterDigger */ = {
			isa = PBXGroup;
			children = (
				214AD2CE244BF23A007A7732 /* .gitignore */,
				214AD2A0244AC5FB007A7732 /* AppDelegate.swift */,
				214AD2A2244AC5FB007A7732 /* SceneDelegate.swift */,
				214AD2A4244AC5FB007A7732 /* ViewController.swift */,
				214AD2A6244AC5FB007A7732 /* Main.storyboard */,
				214AD2A9244AC5FD007A7732 /* Assets.xcassets */,
				214AD2AB244AC5FD007A7732 /* LaunchScreen.storyboard */,
				214AD2B4244BE88E007A7732 /* TwitterDiggerClassification.mlmodel */,
				214AD2AE244AC5FD007A7732 /* Info.plist */,
			);
			path = TwitterDigger;
			sourceTree = "<group>";
		};
		214AD2B9244BEBCD007A7732 /* Products */ = {
			isa = PBXGroup;
			children = (
				214AD2C1244BEBCE007A7732 /* SwifteriOS.framework */,
				214AD2C3244BEBCE007A7732 /* SwifterMac.framework */,
				214AD2C5244BEBCE007A7732 /* SwifterDemoiOS.app */,
				214AD2C7244BEBCE007A7732 /* SwifterDemoMac.app */,
				214AD2C9244BEBCE007A7732 /* SwifterTests.xctest */,
			);
			name = Products;
			sourceTree = "<group>";
		};
		214AD2CA244BEC2B007A7732 /* Frameworks */ = {
			isa = PBXGroup;
			children = (
			);
			name = Frameworks;
			sourceTree = "<group>";
		};
/* End PBXGroup section */

/* Begin PBXNativeTarget section */
		214AD29C244AC5FB007A7732 /* TwitterDigger */ = {
			isa = PBXNativeTarget;
			buildConfigurationList = 214AD2B1244AC5FD007A7732 /* Build configuration list for PBXNativeTarget "TwitterDigger" */;
			buildPhases = (
				214AD299244AC5FB007A7732 /* Sources */,
				214AD29A244AC5FB007A7732 /* Frameworks */,
				214AD29B244AC5FB007A7732 /* Resources */,
				214AD2CD244BEC2B007A7732 /* Embed Frameworks */,
			);
			buildRules = (
			);
			dependencies = (
			);
			name = TwitterDigger;
			productName = TwitterDigger;
			productReference = 214AD29D244AC5FB007A7732 /* TwitterDigger.app */;
			productType = "com.apple.product-type.application";
		};
/* End PBXNativeTarget section */

/* Begin PBXProject section */
		214AD295244AC5FB007A7732 /* Project object */ = {
			isa = PBXProject;
			attributes = {
				LastSwiftUpdateCheck = 1140;
				LastUpgradeCheck = 1140;
				ORGANIZATIONNAME = "Anton Veldanov";
				TargetAttributes = {
					214AD29C244AC5FB007A7732 = {
						CreatedOnToolsVersion = 11.4.1;
					};
				};
			};
			buildConfigurationList = 214AD298244AC5FB007A7732 /* Build configuration list for PBXProject "TwitterDigger" */;
			compatibilityVersion = "Xcode 9.3";
			developmentRegion = en;
			hasScannedForEncodings = 0;
			knownRegions = (
				en,
				Base,
			);
			mainGroup = 214AD294244AC5FB007A7732;
			productRefGroup = 214AD29E244AC5FB007A7732 /* Products */;
			projectDirPath = "";
			projectReferences = (
				{
					ProductGroup = 214AD2B9244BEBCD007A7732 /* Products */;
					ProjectRef = 214AD2B8244BEBCD007A7732 /* Swifter.xcodeproj */;
				},
			);
			projectRoot = "";
			targets = (
				214AD29C244AC5FB007A7732 /* TwitterDigger */,
			);
		};
/* End PBXProject section */

/* Begin PBXReferenceProxy section */
		214AD2C1244BEBCE007A7732 /* SwifteriOS.framework */ = {
			isa = PBXReferenceProxy;
			fileType = wrapper.framework;
			path = SwifteriOS.framework;
			remoteRef = 214AD2C0244BEBCE007A7732 /* PBXContainerItemProxy */;
			sourceTree = BUILT_PRODUCTS_DIR;
		};
		214AD2C3244BEBCE007A7732 /* SwifterMac.framework */ = {
			isa = PBXReferenceProxy;
			fileType = wrapper.framework;
			path = SwifterMac.framework;
			remoteRef = 214AD2C2244BEBCE007A7732 /* PBXContainerItemProxy */;
			sourceTree = BUILT_PRODUCTS_DIR;
		};
		214AD2C5244BEBCE007A7732 /* SwifterDemoiOS.app */ = {
			isa = PBXReferenceProxy;
			fileType = wrapper.application;
			path = SwifterDemoiOS.app;
			remoteRef = 214AD2C4244BEBCE007A7732 /* PBXContainerItemProxy */;
			sourceTree = BUILT_PRODUCTS_DIR;
		};
		214AD2C7244BEBCE007A7732 /* SwifterDemoMac.app */ = {
			isa = PBXReferenceProxy;
			fileType = wrapper.application;
			path = SwifterDemoMac.app;
			remoteRef = 214AD2C6244BEBCE007A7732 /* PBXContainerItemProxy */;
			sourceTree = BUILT_PRODUCTS_DIR;
		};
		214AD2C9244BEBCE007A7732 /* SwifterTests.xctest */ = {
			isa = PBXReferenceProxy;
			fileType = wrapper.cfbundle;
			path = SwifterTests.xctest;
			remoteRef = 214AD2C8244BEBCE007A7732 /* PBXContainerItemProxy */;
			sourceTree = BUILT_PRODUCTS_DIR;
		};
/* End PBXReferenceProxy section */

/* Begin PBXResourcesBuildPhase section */
		214AD29B244AC5FB007A7732 /* Resources */ = {
			isa = PBXResourcesBuildPhase;
			buildActionMask = 2147483647;
			files = (
				214AD2CF244BF23A007A7732 /* .gitignore in Resources */,
				214AD2AD244AC5FD007A7732 /* LaunchScreen.storyboard in Resources */,
				214AD2AA244AC5FD007A7732 /* Assets.xcassets in Resources */,
				214AD2B7244BEA79007A7732 /* README.md in Resources */,
				214AD2A8244AC5FB007A7732 /* Main.storyboard in Resources */,
			);
			runOnlyForDeploymentPostprocessing = 0;
		};
/* End PBXResourcesBuildPhase section */

/* Begin PBXSourcesBuildPhase section */
		214AD299244AC5FB007A7732 /* Sources */ = {
			isa = PBXSourcesBuildPhase;
			buildActionMask = 2147483647;
			files = (
				214AD2B5244BE88E007A7732 /* TwitterDiggerClassification.mlmodel in Sources */,
				214AD2A5244AC5FB007A7732 /* ViewController.swift in Sources */,
				214AD2A1244AC5FB007A7732 /* AppDelegate.swift in Sources */,
				214AD2A3244AC5FB007A7732 /* SceneDelegate.swift in Sources */,
			);
			runOnlyForDeploymentPostprocessing = 0;
		};
/* End PBXSourcesBuildPhase section */

/* Begin PBXVariantGroup section */
		214AD2A6244AC5FB007A7732 /* Main.storyboard */ = {
			isa = PBXVariantGroup;
			children = (
				214AD2A7244AC5FB007A7732 /* Base */,
			);
			name = Main.storyboard;
			sourceTree = "<group>";
		};
		214AD2AB244AC5FD007A7732 /* LaunchScreen.storyboard */ = {
			isa = PBXVariantGroup;
			children = (
				214AD2AC244AC5FD007A7732 /* Base */,
			);
			name = LaunchScreen.storyboard;
			sourceTree = "<group>";
		};
/* End PBXVariantGroup section */

/* Begin XCBuildConfiguration section */
		214AD2AF244AC5FD007A7732 /* Debug */ = {
			isa = XCBuildConfiguration;
			buildSettings = {
				ALWAYS_SEARCH_USER_PATHS = NO;
				CLANG_ANALYZER_NONNULL = YES;
				CLANG_ANALYZER_NUMBER_OBJECT_CONVERSION = YES_AGGRESSIVE;
				CLANG_CXX_LANGUAGE_STANDARD = "gnu++14";
				CLANG_CXX_LIBRARY = "libc++";
				CLANG_ENABLE_MODULES = YES;
				CLANG_ENABLE_OBJC_ARC = YES;
				CLANG_ENABLE_OBJC_WEAK = YES;
				CLANG_WARN_BLOCK_CAPTURE_AUTORELEASING = YES;
				CLANG_WARN_BOOL_CONVERSION = YES;
				CLANG_WARN_COMMA = YES;
				CLANG_WARN_CONSTANT_CONVERSION = YES;
				CLANG_WARN_DEPRECATED_OBJC_IMPLEMENTATIONS = YES;
				CLANG_WARN_DIRECT_OBJC_ISA_USAGE = YES_ERROR;
				CLANG_WARN_DOCUMENTATION_COMMENTS = YES;
				CLANG_WARN_EMPTY_BODY = YES;
				CLANG_WARN_ENUM_CONVERSION = YES;
				CLANG_WARN_INFINITE_RECURSION = YES;
				CLANG_WARN_INT_CONVERSION = YES;
				CLANG_WARN_NON_LITERAL_NULL_CONVERSION = YES;
				CLANG_WARN_OBJC_IMPLICIT_RETAIN_SELF = YES;
				CLANG_WARN_OBJC_LITERAL_CONVERSION = YES;
				CLANG_WARN_OBJC_ROOT_CLASS = YES_ERROR;
				CLANG_WARN_RANGE_LOOP_ANALYSIS = YES;
				CLANG_WARN_STRICT_PROTOTYPES = YES;
				CLANG_WARN_SUSPICIOUS_MOVE = YES;
				CLANG_WARN_UNGUARDED_AVAILABILITY = YES_AGGRESSIVE;
				CLANG_WARN_UNREACHABLE_CODE = YES;
				CLANG_WARN__DUPLICATE_METHOD_MATCH = YES;
				COPY_PHASE_STRIP = NO;
				DEBUG_INFORMATION_FORMAT = dwarf;
				ENABLE_STRICT_OBJC_MSGSEND = YES;
				ENABLE_TESTABILITY = YES;
				GCC_C_LANGUAGE_STANDARD = gnu11;
				GCC_DYNAMIC_NO_PIC = NO;
				GCC_NO_COMMON_BLOCKS = YES;
				GCC_OPTIMIZATION_LEVEL = 0;
				GCC_PREPROCESSOR_DEFINITIONS = (
					"DEBUG=1",
					"$(inherited)",
				);
				GCC_WARN_64_TO_32_BIT_CONVERSION = YES;
				GCC_WARN_ABOUT_RETURN_TYPE = YES_ERROR;
				GCC_WARN_UNDECLARED_SELECTOR = YES;
				GCC_WARN_UNINITIALIZED_AUTOS = YES_AGGRESSIVE;
				GCC_WARN_UNUSED_FUNCTION = YES;
				GCC_WARN_UNUSED_VARIABLE = YES;
				IPHONEOS_DEPLOYMENT_TARGET = 13.4;
				MTL_ENABLE_DEBUG_INFO = INCLUDE_SOURCE;
				MTL_FAST_MATH = YES;
				ONLY_ACTIVE_ARCH = YES;
				SDKROOT = iphoneos;
				SWIFT_ACTIVE_COMPILATION_CONDITIONS = DEBUG;
				SWIFT_OPTIMIZATION_LEVEL = "-Onone";
			};
			name = Debug;
		};
		214AD2B0244AC5FD007A7732 /* Release */ = {
			isa = XCBuildConfiguration;
			buildSettings = {
				ALWAYS_SEARCH_USER_PATHS = NO;
				CLANG_ANALYZER_NONNULL = YES;
				CLANG_ANALYZER_NUMBER_OBJECT_CONVERSION = YES_AGGRESSIVE;
				CLANG_CXX_LANGUAGE_STANDARD = "gnu++14";
				CLANG_CXX_LIBRARY = "libc++";
				CLANG_ENABLE_MODULES = YES;
				CLANG_ENABLE_OBJC_ARC = YES;
				CLANG_ENABLE_OBJC_WEAK = YES;
				CLANG_WARN_BLOCK_CAPTURE_AUTORELEASING = YES;
				CLANG_WARN_BOOL_CONVERSION = YES;
				CLANG_WARN_COMMA = YES;
				CLANG_WARN_CONSTANT_CONVERSION = YES;
				CLANG_WARN_DEPRECATED_OBJC_IMPLEMENTATIONS = YES;
				CLANG_WARN_DIRECT_OBJC_ISA_USAGE = YES_ERROR;
				CLANG_WARN_DOCUMENTATION_COMMENTS = YES;
				CLANG_WARN_EMPTY_BODY = YES;
				CLANG_WARN_ENUM_CONVERSION = YES;
				CLANG_WARN_INFINITE_RECURSION = YES;
				CLANG_WARN_INT_CONVERSION = YES;
				CLANG_WARN_NON_LITERAL_NULL_CONVERSION = YES;
				CLANG_WARN_OBJC_IMPLICIT_RETAIN_SELF = YES;
				CLANG_WARN_OBJC_LITERAL_CONVERSION = YES;
				CLANG_WARN_OBJC_ROOT_CLASS = YES_ERROR;
				CLANG_WARN_RANGE_LOOP_ANALYSIS = YES;
				CLANG_WARN_STRICT_PROTOTYPES = YES;
				CLANG_WARN_SUSPICIOUS_MOVE = YES;
				CLANG_WARN_UNGUARDED_AVAILABILITY = YES_AGGRESSIVE;
				CLANG_WARN_UNREACHABLE_CODE = YES;
				CLANG_WARN__DUPLICATE_METHOD_MATCH = YES;
				COPY_PHASE_STRIP = NO;
				DEBUG_INFORMATION_FORMAT = "dwarf-with-dsym";
				ENABLE_NS_ASSERTIONS = NO;
				ENABLE_STRICT_OBJC_MSGSEND = YES;
				GCC_C_LANGUAGE_STANDARD = gnu11;
				GCC_NO_COMMON_BLOCKS = YES;
				GCC_WARN_64_TO_32_BIT_CONVERSION = YES;
				GCC_WARN_ABOUT_RETURN_TYPE = YES_ERROR;
				GCC_WARN_UNDECLARED_SELECTOR = YES;
				GCC_WARN_UNINITIALIZED_AUTOS = YES_AGGRESSIVE;
				GCC_WARN_UNUSED_FUNCTION = YES;
				GCC_WARN_UNUSED_VARIABLE = YES;
				IPHONEOS_DEPLOYMENT_TARGET = 13.4;
				MTL_ENABLE_DEBUG_INFO = NO;
				MTL_FAST_MATH = YES;
				SDKROOT = iphoneos;
				SWIFT_COMPILATION_MODE = wholemodule;
				SWIFT_OPTIMIZATION_LEVEL = "-O";
				VALIDATE_PRODUCT = YES;
			};
			name = Release;
		};
		214AD2B2244AC5FD007A7732 /* Debug */ = {
			isa = XCBuildConfiguration;
			buildSettings = {
				ASSETCATALOG_COMPILER_APPICON_NAME = AppIcon;
				CODE_SIGN_STYLE = Automatic;
				DEVELOPMENT_TEAM = QLJ84Q3ZSY;
				INFOPLIST_FILE = TwitterDigger/Info.plist;
				LD_RUNPATH_SEARCH_PATHS = (
					"$(inherited)",
					"@executable_path/Frameworks",
				);
				PRODUCT_BUNDLE_IDENTIFIER = com.aveldanov.TwitterDigger;
				PRODUCT_NAME = "$(TARGET_NAME)";
				SWIFT_VERSION = 5.0;
				TARGETED_DEVICE_FAMILY = "1,2";
			};
			name = Debug;
		};
		214AD2B3244AC5FD007A7732 /* Release */ = {
			isa = XCBuildConfiguration;
			buildSettings = {
				ASSETCATALOG_COMPILER_APPICON_NAME = AppIcon;
				CODE_SIGN_STYLE = Automatic;
				DEVELOPMENT_TEAM = QLJ84Q3ZSY;
				INFOPLIST_FILE = TwitterDigger/Info.plist;
				LD_RUNPATH_SEARCH_PATHS = (
					"$(inherited)",
					"@executable_path/Frameworks",
				);
				PRODUCT_BUNDLE_IDENTIFIER = com.aveldanov.TwitterDigger;
				PRODUCT_NAME = "$(TARGET_NAME)";
				SWIFT_VERSION = 5.0;
				TARGETED_DEVICE_FAMILY = "1,2";
			};
			name = Release;
		};
/* End XCBuildConfiguration section */

/* Begin XCConfigurationList section */
		214AD298244AC5FB007A7732 /* Build configuration list for PBXProject "TwitterDigger" */ = {
			isa = XCConfigurationList;
			buildConfigurations = (
				214AD2AF244AC5FD007A7732 /* Debug */,
				214AD2B0244AC5FD007A7732 /* Release */,
			);
			defaultConfigurationIsVisible = 0;
			defaultConfigurationName = Release;
		};
		214AD2B1244AC5FD007A7732 /* Build configuration list for PBXNativeTarget "TwitterDigger" */ = {
			isa = XCConfigurationList;
			buildConfigurations = (
				214AD2B2244AC5FD007A7732 /* Debug */,
				214AD2B3244AC5FD007A7732 /* Release */,
			);
			defaultConfigurationIsVisible = 0;
			defaultConfigurationName = Release;
		};
/* End XCConfigurationList section */
	};
	rootObject = 214AD295244AC5FB007A7732 /* Project object */;
}
